
Microsoft Visual Studio Solution File, Format Version 12.00
# Visual Studio Version 17
VisualStudioVersion = 17.2.32616.157
MinimumVisualStudioVersion = 10.0.40219.1
Project("{9A19103F-16F7-4668-BE54-9A1E7A4F7556}") = "TranscationApp", "TranscationApp\TranscationApp.csproj", "{50EC5AD6-23BE-4E87-A7DD-D6CA5A7FB0FD}"
EndProject
Global
	GlobalSection(SolutionConfigurationPlatforms) = preSolution
		Debug|Any CPU = Debug|Any CPU
		Release|Any CPU = Release|Any CPU
	EndGlobalSection
	GlobalSection(ProjectConfigurationPlatforms) = postSolution
		{50EC5AD6-23BE-4E87-A7DD-D6CA5A7FB0FD}.Debug|Any CPU.ActiveCfg = Debug|Any CPU
		{50EC5AD6-23BE-4E87-A7DD-D6CA5A7FB0FD}.Debug|Any CPU.Build.0 = Debug|Any CPU
		{50EC5AD6-23BE-4E87-A7DD-D6CA5A7FB0FD}.Release|Any CPU.ActiveCfg = Release|Any CPU
		{50EC5AD6-23BE-4E87-A7DD-D6CA5A7FB0FD}.Release|Any CPU.Build.0 = Release|Any CPU
	EndGlobalSection
	GlobalSection(SolutionProperties) = preSolution
		HideSolutionNode = FALSE
	EndGlobalSection
	GlobalSection(ExtensibilityGlobals) = postSolution
		SolutionGuid = {A7E99B2E-DA4F-418D-9667-59F1F907474E}
	EndGlobalSection
EndGlobal
